
Microsoft Visual Studio Solution File, Format Version 11.00
# Visual Studio 2010
Project("{FAE04EC0-301F-11D3-BF4B-00C04F79EFBC}") = "RLC Toolkit-v2.2.6-Admin", "RLC Toolkit-v2.2.6-Admin.csproj", "{9DC9C405-08DF-470C-9E9A-E33187D3973D}"
EndProject
Global
	GlobalSection(SolutionConfigurationPlatforms) = preSolution
		Debug|Any CPU = Debug|Any CPU
		Release|Any CPU = Release|Any CPU
	EndGlobalSection
	GlobalSection(ProjectConfigurationPlatforms) = postSolution
		{9DC9C405-08DF-470C-9E9A-E33187D3973D}.Debug|Any CPU.ActiveCfg = Debug|Any CPU
		{9DC9C405-08DF-470C-9E9A-E33187D3973D}.Debug|Any CPU.Build.0 = Debug|Any CPU
		{9DC9C405-08DF-470C-9E9A-E33187D3973D}.Release|Any CPU.ActiveCfg = Release|Any CPU
		{9DC9C405-08DF-470C-9E9A-E33187D3973D}.Release|Any CPU.Build.0 = Release|Any CPU
	EndGlobalSection
	GlobalSection(SolutionProperties) = preSolution
		HideSolutionNode = FALSE
	EndGlobalSection
EndGlobal
